
Microsoft Visual Studio Solution File, Format Version 12.00
# Visual Studio Version 16
VisualStudioVersion = 16.0.33920.266
MinimumVisualStudioVersion = 10.0.40219.1
Project("{8BC9CEB8-8B4A-11D0-8D11-00A0C91BC942}") = "ConsoleApplication14", "ConsoleApplication14\ConsoleApplication14.vcxproj", "{A2706EE6-FA99-4D1F-8E34-5B24534BBED2}"
EndProject
Global
	GlobalSection(SolutionConfigurationPlatforms) = preSolution
		Debug|x64 = Debug|x64
		Debug|x86 = Debug|x86
		Release|x64 = Release|x64
		Release|x86 = Release|x86
	EndGlobalSection
	GlobalSection(ProjectConfigurationPlatforms) = postSolution
		{A2706EE6-FA99-4D1F-8E34-5B24534BBED2}.Debug|x64.ActiveCfg = Debug|x64
		{A2706EE6-FA99-4D1F-8E34-5B24534BBED2}.Debug|x64.Build.0 = Debug|x64
		{A2706EE6-FA99-4D1F-8E34-5B24534BBED2}.Debug|x86.ActiveCfg = Debug|Win32
		{A2706EE6-FA99-4D1F-8E34-5B24534BBED2}.Debug|x86.Build.0 = Debug|Win32
		{A2706EE6-FA99-4D1F-8E34-5B24534BBED2}.Release|x64.ActiveCfg = Release|x64
		{A2706EE6-FA99-4D1F-8E34-5B24534BBED2}.Release|x64.Build.0 = Release|x64
		{A2706EE6-FA99-4D1F-8E34-5B24534BBED2}.Release|x86.ActiveCfg = Release|Win32
		{A2706EE6-FA99-4D1F-8E34-5B24534BBED2}.Release|x86.Build.0 = Release|Win32
	EndGlobalSection
	GlobalSection(SolutionProperties) = preSolution
		HideSolutionNode = FALSE
	EndGlobalSection
	GlobalSection(ExtensibilityGlobals) = postSolution
		SolutionGuid = {CC5363A4-EB8E-4E1F-BF51-769C3777AD44}
	EndGlobalSection
EndGlobal
